
Microsoft Visual Studio Solution File, Format Version 12.00
# Visual Studio Version 16
VisualStudioVersion = 16.0.34407.143
MinimumVisualStudioVersion = 10.0.40219.1
Project("{FAE04EC0-301F-11D3-BF4B-00C04F79EFBC}") = "whileçiftsayi", "whileçiftsayi\whileçiftsayi.csproj", "{27463530-1B6A-41E1-AF31-5AC2C80130BD}"
EndProject
Global
	GlobalSection(SolutionConfigurationPlatforms) = preSolution
		Debug|Any CPU = Debug|Any CPU
		Release|Any CPU = Release|Any CPU
	EndGlobalSection
	GlobalSection(ProjectConfigurationPlatforms) = postSolution
		{27463530-1B6A-41E1-AF31-5AC2C80130BD}.Debug|Any CPU.ActiveCfg = Debug|Any CPU
		{27463530-1B6A-41E1-AF31-5AC2C80130BD}.Debug|Any CPU.Build.0 = Debug|Any CPU
		{27463530-1B6A-41E1-AF31-5AC2C80130BD}.Release|Any CPU.ActiveCfg = Release|Any CPU
		{27463530-1B6A-41E1-AF31-5AC2C80130BD}.Release|Any CPU.Build.0 = Release|Any CPU
	EndGlobalSection
	GlobalSection(SolutionProperties) = preSolution
		HideSolutionNode = FALSE
	EndGlobalSection
	GlobalSection(ExtensibilityGlobals) = postSolution
		SolutionGuid = {CA01FD8B-3595-4C8F-A0A2-0BAC7748A64A}
	EndGlobalSection
EndGlobal
