
Microsoft Visual Studio Solution File, Format Version 12.00
# Visual Studio Version 16
VisualStudioVersion = 16.0.34407.143
MinimumVisualStudioVersion = 10.0.40219.1
Project("{FAE04EC0-301F-11D3-BF4B-00C04F79EFBC}") = "Mac Skoru", "Mac Skoru\Mac Skoru.csproj", "{75CCF620-4E4D-4BD4-A050-6A7A4637C6A7}"
EndProject
Global
	GlobalSection(SolutionConfigurationPlatforms) = preSolution
		Debug|Any CPU = Debug|Any CPU
		Release|Any CPU = Release|Any CPU
	EndGlobalSection
	GlobalSection(ProjectConfigurationPlatforms) = postSolution
		{75CCF620-4E4D-4BD4-A050-6A7A4637C6A7}.Debug|Any CPU.ActiveCfg = Debug|Any CPU
		{75CCF620-4E4D-4BD4-A050-6A7A4637C6A7}.Debug|Any CPU.Build.0 = Debug|Any CPU
		{75CCF620-4E4D-4BD4-A050-6A7A4637C6A7}.Release|Any CPU.ActiveCfg = Release|Any CPU
		{75CCF620-4E4D-4BD4-A050-6A7A4637C6A7}.Release|Any CPU.Build.0 = Release|Any CPU
	EndGlobalSection
	GlobalSection(SolutionProperties) = preSolution
		HideSolutionNode = FALSE
	EndGlobalSection
	GlobalSection(ExtensibilityGlobals) = postSolution
		SolutionGuid = {488DC296-2DD5-4C39-97CC-E97FD6957779}
	EndGlobalSection
EndGlobal
