
Microsoft Visual Studio Solution File, Format Version 12.00
# Visual Studio Version 17
VisualStudioVersion = 17.11.35312.102
MinimumVisualStudioVersion = 10.0.40219.1
Project("{FAE04EC0-301F-11D3-BF4B-00C04F79EFBC}") = "Buton İle Renk Degistirme", "Buton İle Renk Degistirme\Buton İle Renk Degistirme.csproj", "{078EF06C-C3E1-4D40-83F5-57958A4E3A67}"
EndProject
Global
	GlobalSection(SolutionConfigurationPlatforms) = preSolution
		Debug|Any CPU = Debug|Any CPU
		Release|Any CPU = Release|Any CPU
	EndGlobalSection
	GlobalSection(ProjectConfigurationPlatforms) = postSolution
		{078EF06C-C3E1-4D40-83F5-57958A4E3A67}.Debug|Any CPU.ActiveCfg = Debug|Any CPU
		{078EF06C-C3E1-4D40-83F5-57958A4E3A67}.Debug|Any CPU.Build.0 = Debug|Any CPU
		{078EF06C-C3E1-4D40-83F5-57958A4E3A67}.Release|Any CPU.ActiveCfg = Release|Any CPU
		{078EF06C-C3E1-4D40-83F5-57958A4E3A67}.Release|Any CPU.Build.0 = Release|Any CPU
	EndGlobalSection
	GlobalSection(SolutionProperties) = preSolution
		HideSolutionNode = FALSE
	EndGlobalSection
	GlobalSection(ExtensibilityGlobals) = postSolution
		SolutionGuid = {EE477E86-D09B-4487-A12A-A3F4CA535573}
	EndGlobalSection
EndGlobal
