
Microsoft Visual Studio Solution File, Format Version 12.00
# Visual Studio Version 16
VisualStudioVersion = 16.0.34407.143
MinimumVisualStudioVersion = 10.0.40219.1
Project("{FAE04EC0-301F-11D3-BF4B-00C04F79EFBC}") = "GetSetUygulaması3", "GetSetUygulaması3\GetSetUygulaması3.csproj", "{0DCBE127-0BEE-41AE-9712-BF0FB90F39F5}"
EndProject
Global
	GlobalSection(SolutionConfigurationPlatforms) = preSolution
		Debug|Any CPU = Debug|Any CPU
		Release|Any CPU = Release|Any CPU
	EndGlobalSection
	GlobalSection(ProjectConfigurationPlatforms) = postSolution
		{0DCBE127-0BEE-41AE-9712-BF0FB90F39F5}.Debug|Any CPU.ActiveCfg = Debug|Any CPU
		{0DCBE127-0BEE-41AE-9712-BF0FB90F39F5}.Debug|Any CPU.Build.0 = Debug|Any CPU
		{0DCBE127-0BEE-41AE-9712-BF0FB90F39F5}.Release|Any CPU.ActiveCfg = Release|Any CPU
		{0DCBE127-0BEE-41AE-9712-BF0FB90F39F5}.Release|Any CPU.Build.0 = Release|Any CPU
	EndGlobalSection
	GlobalSection(SolutionProperties) = preSolution
		HideSolutionNode = FALSE
	EndGlobalSection
	GlobalSection(ExtensibilityGlobals) = postSolution
		SolutionGuid = {B4038035-47EA-4791-B18B-B38666B25730}
	EndGlobalSection
EndGlobal
