
Microsoft Visual Studio Solution File, Format Version 12.00
# Visual Studio Version 16
VisualStudioVersion = 16.0.34407.143
MinimumVisualStudioVersion = 10.0.40219.1
Project("{FAE04EC0-301F-11D3-BF4B-00C04F79EFBC}") = "bilgisayar donanım uygulaması", "bilgisayar donanım uygulaması\bilgisayar donanım uygulaması.csproj", "{E6B96517-4E39-4619-B763-02FBAFC3D08C}"
EndProject
Global
	GlobalSection(SolutionConfigurationPlatforms) = preSolution
		Debug|Any CPU = Debug|Any CPU
		Release|Any CPU = Release|Any CPU
	EndGlobalSection
	GlobalSection(ProjectConfigurationPlatforms) = postSolution
		{E6B96517-4E39-4619-B763-02FBAFC3D08C}.Debug|Any CPU.ActiveCfg = Debug|Any CPU
		{E6B96517-4E39-4619-B763-02FBAFC3D08C}.Debug|Any CPU.Build.0 = Debug|Any CPU
		{E6B96517-4E39-4619-B763-02FBAFC3D08C}.Release|Any CPU.ActiveCfg = Release|Any CPU
		{E6B96517-4E39-4619-B763-02FBAFC3D08C}.Release|Any CPU.Build.0 = Release|Any CPU
	EndGlobalSection
	GlobalSection(SolutionProperties) = preSolution
		HideSolutionNode = FALSE
	EndGlobalSection
	GlobalSection(ExtensibilityGlobals) = postSolution
		SolutionGuid = {605B06C3-ADDD-40DF-87A3-143041AB9110}
	EndGlobalSection
EndGlobal
