
Microsoft Visual Studio Solution File, Format Version 12.00
# Visual Studio Version 16
VisualStudioVersion = 16.0.34407.143
MinimumVisualStudioVersion = 10.0.40219.1
Project("{FAE04EC0-301F-11D3-BF4B-00C04F79EFBC}") = "Özellikler", "Özellikler\Özellikler.csproj", "{756C8787-57F4-40F6-BD05-2BC343FB8178}"
EndProject
Global
	GlobalSection(SolutionConfigurationPlatforms) = preSolution
		Debug|Any CPU = Debug|Any CPU
		Release|Any CPU = Release|Any CPU
	EndGlobalSection
	GlobalSection(ProjectConfigurationPlatforms) = postSolution
		{756C8787-57F4-40F6-BD05-2BC343FB8178}.Debug|Any CPU.ActiveCfg = Debug|Any CPU
		{756C8787-57F4-40F6-BD05-2BC343FB8178}.Debug|Any CPU.Build.0 = Debug|Any CPU
		{756C8787-57F4-40F6-BD05-2BC343FB8178}.Release|Any CPU.ActiveCfg = Release|Any CPU
		{756C8787-57F4-40F6-BD05-2BC343FB8178}.Release|Any CPU.Build.0 = Release|Any CPU
	EndGlobalSection
	GlobalSection(SolutionProperties) = preSolution
		HideSolutionNode = FALSE
	EndGlobalSection
	GlobalSection(ExtensibilityGlobals) = postSolution
		SolutionGuid = {9D4B1339-2D35-43BE-A425-A73F8296FCDD}
	EndGlobalSection
EndGlobal
