
Microsoft Visual Studio Solution File, Format Version 12.00
# Visual Studio Version 16
VisualStudioVersion = 16.0.34407.143
MinimumVisualStudioVersion = 10.0.40219.1
Project("{FAE04EC0-301F-11D3-BF4B-00C04F79EFBC}") = "ornek2", "ornek2\ornek2.csproj", "{608C0EDC-02CC-49BE-9818-CF5BE18AD263}"
EndProject
Global
	GlobalSection(SolutionConfigurationPlatforms) = preSolution
		Debug|Any CPU = Debug|Any CPU
		Release|Any CPU = Release|Any CPU
	EndGlobalSection
	GlobalSection(ProjectConfigurationPlatforms) = postSolution
		{608C0EDC-02CC-49BE-9818-CF5BE18AD263}.Debug|Any CPU.ActiveCfg = Debug|Any CPU
		{608C0EDC-02CC-49BE-9818-CF5BE18AD263}.Debug|Any CPU.Build.0 = Debug|Any CPU
		{608C0EDC-02CC-49BE-9818-CF5BE18AD263}.Release|Any CPU.ActiveCfg = Release|Any CPU
		{608C0EDC-02CC-49BE-9818-CF5BE18AD263}.Release|Any CPU.Build.0 = Release|Any CPU
	EndGlobalSection
	GlobalSection(SolutionProperties) = preSolution
		HideSolutionNode = FALSE
	EndGlobalSection
	GlobalSection(ExtensibilityGlobals) = postSolution
		SolutionGuid = {F7D5EBB2-B613-4156-B95F-F47E426C5A59}
	EndGlobalSection
EndGlobal
