
Microsoft Visual Studio Solution File, Format Version 12.00
# Visual Studio Version 16
VisualStudioVersion = 16.0.34407.143
MinimumVisualStudioVersion = 10.0.40219.1
Project("{FAE04EC0-301F-11D3-BF4B-00C04F79EFBC}") = "propertiesTelefonUygulaması", "propertiesTelefonUygulaması\propertiesTelefonUygulaması.csproj", "{A1AED2D8-B55A-4E3C-883F-9DEFA479C960}"
EndProject
Global
	GlobalSection(SolutionConfigurationPlatforms) = preSolution
		Debug|Any CPU = Debug|Any CPU
		Release|Any CPU = Release|Any CPU
	EndGlobalSection
	GlobalSection(ProjectConfigurationPlatforms) = postSolution
		{A1AED2D8-B55A-4E3C-883F-9DEFA479C960}.Debug|Any CPU.ActiveCfg = Debug|Any CPU
		{A1AED2D8-B55A-4E3C-883F-9DEFA479C960}.Debug|Any CPU.Build.0 = Debug|Any CPU
		{A1AED2D8-B55A-4E3C-883F-9DEFA479C960}.Release|Any CPU.ActiveCfg = Release|Any CPU
		{A1AED2D8-B55A-4E3C-883F-9DEFA479C960}.Release|Any CPU.Build.0 = Release|Any CPU
	EndGlobalSection
	GlobalSection(SolutionProperties) = preSolution
		HideSolutionNode = FALSE
	EndGlobalSection
	GlobalSection(ExtensibilityGlobals) = postSolution
		SolutionGuid = {7885A0B2-16F4-49A5-914E-246BD4BE303F}
	EndGlobalSection
EndGlobal
